
Microsoft Visual Studio Solution File, Format Version 12.00
# Visual Studio 15
VisualStudioVersion = 15.0.28307.2092
MinimumVisualStudioVersion = 10.0.40219.1
Project("{8BC9CEB8-8B4A-11D0-8D11-00A0C91BC942}") = "6.36", "6.36\6.36.vcxproj", "{5074A5AC-5752-4206-A645-1B41ED2506E1}"
EndProject
Global
	GlobalSection(SolutionConfigurationPlatforms) = preSolution
		Debug|x64 = Debug|x64
		Debug|x86 = Debug|x86
		Release|x64 = Release|x64
		Release|x86 = Release|x86
	EndGlobalSection
	GlobalSection(ProjectConfigurationPlatforms) = postSolution
		{5074A5AC-5752-4206-A645-1B41ED2506E1}.Debug|x64.ActiveCfg = Debug|x64
		{5074A5AC-5752-4206-A645-1B41ED2506E1}.Debug|x64.Build.0 = Debug|x64
		{5074A5AC-5752-4206-A645-1B41ED2506E1}.Debug|x86.ActiveCfg = Debug|Win32
		{5074A5AC-5752-4206-A645-1B41ED2506E1}.Debug|x86.Build.0 = Debug|Win32
		{5074A5AC-5752-4206-A645-1B41ED2506E1}.Release|x64.ActiveCfg = Release|x64
		{5074A5AC-5752-4206-A645-1B41ED2506E1}.Release|x64.Build.0 = Release|x64
		{5074A5AC-5752-4206-A645-1B41ED2506E1}.Release|x86.ActiveCfg = Release|Win32
		{5074A5AC-5752-4206-A645-1B41ED2506E1}.Release|x86.Build.0 = Release|Win32
	EndGlobalSection
	GlobalSection(SolutionProperties) = preSolution
		HideSolutionNode = FALSE
	EndGlobalSection
	GlobalSection(ExtensibilityGlobals) = postSolution
		SolutionGuid = {99E1A5AE-4D36-42EA-BE09-D1FFBC550EBA}
	EndGlobalSection
EndGlobal
